{
    "_meta": {
        "hash": {
            "sha256": "b374e5b9c5e2d2323139e350d9a84d9a470d2f3d9c9777360cfeaac9a2e07c62"
        },
        "pipfile-spec": 6,
        "requires": {
            "python_version": "3.7"
        },
        "sources": [
            {
                "name": "pypi",
                "url": "https://pypi.org/simple",
                "verify_ssl": true
            }
        ]
    },
    "default": {
        "invoke": {
            "hashes": [
                "sha256:1c2cf54c9b9af973ad9704d8ba81b225117cab612568cacbfb3fc42958cc20a9",
                "sha256:334495ea16e73948894e9535019f87a88a44b73e7977492b12c2d1b5085f8197",
                "sha256:54bdd3fd0245abd1185e05359fd2e4f26be0657cfe7d7bb1bed735e054fa53ab"
            ],
            "index": "pypi",
            "version": "==1.1.1"
        },
        "ply": {
            "hashes": [
                "sha256:96e94af7dd7031d8d6dd6e2a8e0de593b511c211a86e28a9c9621c275ac8bacb"
            ],
            "version": "==3.10"
        },
        "pyhcl": {
            "hashes": [
                "sha256:6fe784c72c08720d66e6d5d7b93856ba61d14e64308078789c764c0ff1b88aa2"
            ],
            "index": "pypi",
            "version": "==0.3.10"
        }
    },
    "develop": {}
}
